
Microsoft Visual Studio Solution File, Format Version 12.00
# Visual Studio 15
Project("{FAE04EC0-301F-11D3-BF4B-00C04F79EFBC}") = "UnityEngine.UI", "UnityEngine.UI.csproj", "{D59C5942-6702-D3E5-D13F-2D5E802F05B7}"
EndProject
Project("{FAE04EC0-301F-11D3-BF4B-00C04F79EFBC}") = "UnityEngine.TestRunner", "UnityEngine.TestRunner.csproj", "{A744CC0F-4FDF-8804-34C4-A060C1F426A5}"
EndProject
Project("{FAE04EC0-301F-11D3-BF4B-00C04F79EFBC}") = "Unity.Mathematics", "Unity.Mathematics.csproj", "{62F3B6F7-DD63-50E0-B897-E87D2BEEAB23}"
EndProject
Project("{FAE04EC0-301F-11D3-BF4B-00C04F79EFBC}") = "Unity.InputSystem", "Unity.InputSystem.csproj", "{CA07A743-E3BA-DB64-1066-5DB69CBA9A01}"
EndProject
Project("{FAE04EC0-301F-11D3-BF4B-00C04F79EFBC}") = "Unity.2D.Animation.Triangle.Runtime", "Unity.2D.Animation.Triangle.Runtime.csproj", "{0E4C4F05-428A-EF05-867C-C9943091D2E4}"
EndProject
Project("{FAE04EC0-301F-11D3-BF4B-00C04F79EFBC}") = "Unity.Timeline", "Unity.Timeline.csproj", "{D3921784-1E57-7380-5EEF-BD0B1C2EDAEF}"
EndProject
Project("{FAE04EC0-301F-11D3-BF4B-00C04F79EFBC}") = "Cinemachine", "Cinemachine.csproj", "{DF2339A3-A978-294B-7800-A28CD607CF55}"
EndProject
Project("{FAE04EC0-301F-11D3-BF4B-00C04F79EFBC}") = "Unity.TextMeshPro", "Unity.TextMeshPro.csproj", "{1EC4C17B-EAE4-AAD6-858F-B2202E8EE0C8}"
EndProject
Project("{FAE04EC0-301F-11D3-BF4B-00C04F79EFBC}") = "Unity.2D.Animation.Runtime", "Unity.2D.Animation.Runtime.csproj", "{56C3C532-62C8-6138-CB1F-2BC40644D9B9}"
EndProject
Project("{FAE04EC0-301F-11D3-BF4B-00C04F79EFBC}") = "Unity.2D.IK.Runtime", "Unity.2D.IK.Runtime.csproj", "{A242AEF3-65CC-A41C-8122-CE7FD283C04E}"
EndProject
Project("{FAE04EC0-301F-11D3-BF4B-00C04F79EFBC}") = "Assembly-CSharp", "Assembly-CSharp.csproj", "{28D0677C-B520-12E9-2755-4EE8F673813F}"
EndProject
Project("{FAE04EC0-301F-11D3-BF4B-00C04F79EFBC}") = "Unity.2D.SpriteShape.Runtime", "Unity.2D.SpriteShape.Runtime.csproj", "{F8946296-48EE-0FD0-71FF-5E06E6D6D157}"
EndProject
Project("{FAE04EC0-301F-11D3-BF4B-00C04F79EFBC}") = "Unity.2D.PixelPerfect", "Unity.2D.PixelPerfect.csproj", "{D3BA98BD-4D03-1329-DE2B-87C0BA949A2A}"
EndProject
Project("{FAE04EC0-301F-11D3-BF4B-00C04F79EFBC}") = "Assembly-CSharp-firstpass", "Assembly-CSharp-firstpass.csproj", "{1F4A1096-87C2-D75A-936F-162B0CCDB22B}"
EndProject
Project("{FAE04EC0-301F-11D3-BF4B-00C04F79EFBC}") = "Unity.2D.Common.Runtime", "Unity.2D.Common.Runtime.csproj", "{757BADB7-230C-9627-C178-98FDC4CA1E1D}"
EndProject
Project("{FAE04EC0-301F-11D3-BF4B-00C04F79EFBC}") = "Unity.InternalAPIEngineBridge.001", "Unity.InternalAPIEngineBridge.001.csproj", "{D6DD0733-FFA4-DEA7-C407-D20EDD036160}"
EndProject
Project("{FAE04EC0-301F-11D3-BF4B-00C04F79EFBC}") = "Unity.Timeline.Editor", "Unity.Timeline.Editor.csproj", "{77024271-6E4D-E57F-EC1D-E2BFAC4F8101}"
EndProject
Project("{FAE04EC0-301F-11D3-BF4B-00C04F79EFBC}") = "Unity.TextMeshPro.Editor", "Unity.TextMeshPro.Editor.csproj", "{9AEA17A0-6934-1A5A-5B02-5EA7B5A43B22}"
EndProject
Project("{FAE04EC0-301F-11D3-BF4B-00C04F79EFBC}") = "Unity.2D.Animation.Editor", "Unity.2D.Animation.Editor.csproj", "{46582637-9C43-216A-5640-F2F75B81317B}"
EndProject
Project("{FAE04EC0-301F-11D3-BF4B-00C04F79EFBC}") = "UnityEditor.TestRunner", "UnityEditor.TestRunner.csproj", "{8681BFCF-CE25-2660-F311-10D8F5C57083}"
EndProject
Project("{FAE04EC0-301F-11D3-BF4B-00C04F79EFBC}") = "Unity.PlasticSCM.Editor", "Unity.PlasticSCM.Editor.csproj", "{820CDBD9-8EA0-7FE4-27A4-41C3B4C4D512}"
EndProject
Project("{FAE04EC0-301F-11D3-BF4B-00C04F79EFBC}") = "UnityEditor.UI", "UnityEditor.UI.csproj", "{EF55072E-B3CA-6BCF-179E-635B5DFF9059}"
EndProject
Project("{FAE04EC0-301F-11D3-BF4B-00C04F79EFBC}") = "Unity.VisualStudio.Editor", "Unity.VisualStudio.Editor.csproj", "{9329BB0D-E86B-5F14-A9D9-00BA18EBAA2B}"
EndProject
Project("{FAE04EC0-301F-11D3-BF4B-00C04F79EFBC}") = "com.unity.cinemachine.editor", "com.unity.cinemachine.editor.csproj", "{45E93EAA-432C-7210-DB4E-C2460CA69861}"
EndProject
Project("{FAE04EC0-301F-11D3-BF4B-00C04F79EFBC}") = "Unity.2D.Psdimporter.Editor", "Unity.2D.Psdimporter.Editor.csproj", "{9DC9E8C1-D35C-6108-751E-731235B75550}"
EndProject
Project("{FAE04EC0-301F-11D3-BF4B-00C04F79EFBC}") = "Unity.2D.SpriteShape.Editor", "Unity.2D.SpriteShape.Editor.csproj", "{AD7509B3-7C0C-5C56-A4F6-E4BCA4AD4CD0}"
EndProject
Project("{FAE04EC0-301F-11D3-BF4B-00C04F79EFBC}") = "Unity.CollabProxy.Editor", "Unity.CollabProxy.Editor.csproj", "{335B206F-59B5-E1E9-D8D3-8AD8C1C55301}"
EndProject
Project("{FAE04EC0-301F-11D3-BF4B-00C04F79EFBC}") = "PsdPlugin", "PsdPlugin.csproj", "{827AA6E9-C6F0-EC20-4DD2-B8AB40E389AA}"
EndProject
Project("{FAE04EC0-301F-11D3-BF4B-00C04F79EFBC}") = "Unity.2D.Path.Editor", "Unity.2D.Path.Editor.csproj", "{A527FB21-D880-70AD-9FD5-D1D9EE6758FA}"
EndProject
Project("{FAE04EC0-301F-11D3-BF4B-00C04F79EFBC}") = "Unity.Rider.Editor", "Unity.Rider.Editor.csproj", "{BFDB78C7-7EBC-7B78-EC39-080CFBAFB130}"
EndProject
Project("{FAE04EC0-301F-11D3-BF4B-00C04F79EFBC}") = "Unity.2D.IK.Editor", "Unity.2D.IK.Editor.csproj", "{2720CEF0-294D-F246-D7E4-60BA158B7BE7}"
EndProject
Project("{FAE04EC0-301F-11D3-BF4B-00C04F79EFBC}") = "Unity.2D.Sprite.Editor", "Unity.2D.Sprite.Editor.csproj", "{38E7CB6F-EC9F-D56F-F59C-26BF775B2F53}"
EndProject
Project("{FAE04EC0-301F-11D3-BF4B-00C04F79EFBC}") = "Unity.2D.Tilemap.Editor", "Unity.2D.Tilemap.Editor.csproj", "{8055CE4A-27EB-7CD0-26D0-7BA66BC13CF5}"
EndProject
Project("{FAE04EC0-301F-11D3-BF4B-00C04F79EFBC}") = "Unity.2D.PixelPerfect.Editor", "Unity.2D.PixelPerfect.Editor.csproj", "{BAB72303-818B-1597-77DC-2D0B10265464}"
EndProject
Project("{FAE04EC0-301F-11D3-BF4B-00C04F79EFBC}") = "Unity.VSCode.Editor", "Unity.VSCode.Editor.csproj", "{3B992B29-35CC-C403-3966-9CA61A598903}"
EndProject
Project("{FAE04EC0-301F-11D3-BF4B-00C04F79EFBC}") = "Unity.2D.Common.Editor", "Unity.2D.Common.Editor.csproj", "{9AAD096B-69FC-DC31-2F12-14E3CD95088F}"
EndProject
Project("{FAE04EC0-301F-11D3-BF4B-00C04F79EFBC}") = "Unity.Mathematics.Editor", "Unity.Mathematics.Editor.csproj", "{EE057841-F688-8E73-8BD4-F3EFFCD8FA97}"
EndProject
Project("{FAE04EC0-301F-11D3-BF4B-00C04F79EFBC}") = "Unity.InternalAPIEditorBridge.001", "Unity.InternalAPIEditorBridge.001.csproj", "{77ED1CBF-08B0-0927-2E0D-D586213B0ABC}"
EndProject
Project("{FAE04EC0-301F-11D3-BF4B-00C04F79EFBC}") = "UnityEngine.UI", "UnityEngine.UI.Player.csproj", "{238EB564-A7E7-9DCE-FCA0-EBA183B9A439}"
EndProject
Project("{FAE04EC0-301F-11D3-BF4B-00C04F79EFBC}") = "UnityEngine.TestRunner", "UnityEngine.TestRunner.Player.csproj", "{2BE74176-7B84-5E4F-343E-321CAE20F2CB}"
EndProject
Project("{FAE04EC0-301F-11D3-BF4B-00C04F79EFBC}") = "Unity.Mathematics", "Unity.Mathematics.Player.csproj", "{BCD22360-CE29-48F8-6B8C-CAB9DE583353}"
EndProject
Project("{FAE04EC0-301F-11D3-BF4B-00C04F79EFBC}") = "Unity.InputSystem", "Unity.InputSystem.Player.csproj", "{761F3F72-DC85-9EA6-8583-2E2A88F53FD0}"
EndProject
Project("{FAE04EC0-301F-11D3-BF4B-00C04F79EFBC}") = "Unity.2D.Animation.Triangle.Runtime", "Unity.2D.Animation.Triangle.Runtime.Player.csproj", "{F5999F1E-E3EB-CF44-2FF3-20450027C452}"
EndProject
Project("{FAE04EC0-301F-11D3-BF4B-00C04F79EFBC}") = "Unity.Timeline", "Unity.Timeline.Player.csproj", "{C1A99ACF-C975-2B33-5E59-4751527F5366}"
EndProject
Project("{FAE04EC0-301F-11D3-BF4B-00C04F79EFBC}") = "Cinemachine", "Cinemachine.Player.csproj", "{441C6B43-2173-EA47-DC4B-8BA1BD758082}"
EndProject
Project("{FAE04EC0-301F-11D3-BF4B-00C04F79EFBC}") = "Unity.TextMeshPro", "Unity.TextMeshPro.Player.csproj", "{4135E44D-6E53-899A-34E7-D7B26608A62C}"
EndProject
Project("{FAE04EC0-301F-11D3-BF4B-00C04F79EFBC}") = "Unity.2D.Animation.Runtime", "Unity.2D.Animation.Runtime.Player.csproj", "{B1F8AE93-8677-EE89-FBBA-52E8C9DDF099}"
EndProject
Project("{FAE04EC0-301F-11D3-BF4B-00C04F79EFBC}") = "Unity.2D.IK.Runtime", "Unity.2D.IK.Runtime.Player.csproj", "{28D44F10-615C-820C-0E28-79438A9DF4ED}"
EndProject
Project("{FAE04EC0-301F-11D3-BF4B-00C04F79EFBC}") = "Assembly-CSharp", "Assembly-CSharp.Player.csproj", "{AE6F3AF3-E411-AA45-C65D-BC183906137C}"
EndProject
Project("{FAE04EC0-301F-11D3-BF4B-00C04F79EFBC}") = "Unity.2D.SpriteShape.Runtime", "Unity.2D.SpriteShape.Runtime.Player.csproj", "{809C623E-C76F-EC66-0DCA-78266673E422}"
EndProject
Project("{FAE04EC0-301F-11D3-BF4B-00C04F79EFBC}") = "Unity.2D.PixelPerfect", "Unity.2D.PixelPerfect.Player.csproj", "{71037A16-0DA1-9BB4-557C-A33A8E6987E4}"
EndProject
Project("{FAE04EC0-301F-11D3-BF4B-00C04F79EFBC}") = "Assembly-CSharp-firstpass", "Assembly-CSharp-firstpass.Player.csproj", "{ED6CFA32-252C-BE90-07CA-E2DBB991BA23}"
EndProject
Project("{FAE04EC0-301F-11D3-BF4B-00C04F79EFBC}") = "Unity.2D.Common.Runtime", "Unity.2D.Common.Runtime.Player.csproj", "{70DBC9C8-5DF6-81A7-DBEB-20B2722EBC67}"
EndProject
Project("{FAE04EC0-301F-11D3-BF4B-00C04F79EFBC}") = "Unity.InternalAPIEngineBridge.001", "Unity.InternalAPIEngineBridge.001.Player.csproj", "{BF493FB9-DF94-E760-6048-04140D777700}"
EndProject
Global
	GlobalSection(SolutionConfigurationPlatforms) = preSolution
		Debug|Any CPU = Debug|Any CPU
		Release|Any CPU = Release|Any CPU
	EndGlobalSection
	GlobalSection(ProjectConfigurationPlatforms) = postSolution
		{D59C5942-6702-D3E5-D13F-2D5E802F05B7}.Debug|Any CPU.ActiveCfg = Debug|Any CPU
		{D59C5942-6702-D3E5-D13F-2D5E802F05B7}.Debug|Any CPU.Build.0 = Debug|Any CPU
		{D59C5942-6702-D3E5-D13F-2D5E802F05B7}.Release|Any CPU.ActiveCfg = Release|Any CPU
		{D59C5942-6702-D3E5-D13F-2D5E802F05B7}.Release|Any CPU.Build.0 = Release|Any CPU
		{A744CC0F-4FDF-8804-34C4-A060C1F426A5}.Debug|Any CPU.ActiveCfg = Debug|Any CPU
		{A744CC0F-4FDF-8804-34C4-A060C1F426A5}.Debug|Any CPU.Build.0 = Debug|Any CPU
		{A744CC0F-4FDF-8804-34C4-A060C1F426A5}.Release|Any CPU.ActiveCfg = Release|Any CPU
		{A744CC0F-4FDF-8804-34C4-A060C1F426A5}.Release|Any CPU.Build.0 = Release|Any CPU
		{62F3B6F7-DD63-50E0-B897-E87D2BEEAB23}.Debug|Any CPU.ActiveCfg = Debug|Any CPU
		{62F3B6F7-DD63-50E0-B897-E87D2BEEAB23}.Debug|Any CPU.Build.0 = Debug|Any CPU
		{62F3B6F7-DD63-50E0-B897-E87D2BEEAB23}.Release|Any CPU.ActiveCfg = Release|Any CPU
		{62F3B6F7-DD63-50E0-B897-E87D2BEEAB23}.Release|Any CPU.Build.0 = Release|Any CPU
		{CA07A743-E3BA-DB64-1066-5DB69CBA9A01}.Debug|Any CPU.ActiveCfg = Debug|Any CPU
		{CA07A743-E3BA-DB64-1066-5DB69CBA9A01}.Debug|Any CPU.Build.0 = Debug|Any CPU
		{CA07A743-E3BA-DB64-1066-5DB69CBA9A01}.Release|Any CPU.ActiveCfg = Release|Any CPU
		{CA07A743-E3BA-DB64-1066-5DB69CBA9A01}.Release|Any CPU.Build.0 = Release|Any CPU
		{0E4C4F05-428A-EF05-867C-C9943091D2E4}.Debug|Any CPU.ActiveCfg = Debug|Any CPU
		{0E4C4F05-428A-EF05-867C-C9943091D2E4}.Debug|Any CPU.Build.0 = Debug|Any CPU
		{0E4C4F05-428A-EF05-867C-C9943091D2E4}.Release|Any CPU.ActiveCfg = Release|Any CPU
		{0E4C4F05-428A-EF05-867C-C9943091D2E4}.Release|Any CPU.Build.0 = Release|Any CPU
		{D3921784-1E57-7380-5EEF-BD0B1C2EDAEF}.Debug|Any CPU.ActiveCfg = Debug|Any CPU
		{D3921784-1E57-7380-5EEF-BD0B1C2EDAEF}.Debug|Any CPU.Build.0 = Debug|Any CPU
		{D3921784-1E57-7380-5EEF-BD0B1C2EDAEF}.Release|Any CPU.ActiveCfg = Release|Any CPU
		{D3921784-1E57-7380-5EEF-BD0B1C2EDAEF}.Release|Any CPU.Build.0 = Release|Any CPU
		{DF2339A3-A978-294B-7800-A28CD607CF55}.Debug|Any CPU.ActiveCfg = Debug|Any CPU
		{DF2339A3-A978-294B-7800-A28CD607CF55}.Debug|Any CPU.Build.0 = Debug|Any CPU
		{DF2339A3-A978-294B-7800-A28CD607CF55}.Release|Any CPU.ActiveCfg = Release|Any CPU
		{DF2339A3-A978-294B-7800-A28CD607CF55}.Release|Any CPU.Build.0 = Release|Any CPU
		{1EC4C17B-EAE4-AAD6-858F-B2202E8EE0C8}.Debug|Any CPU.ActiveCfg = Debug|Any CPU
		{1EC4C17B-EAE4-AAD6-858F-B2202E8EE0C8}.Debug|Any CPU.Build.0 = Debug|Any CPU
		{1EC4C17B-EAE4-AAD6-858F-B2202E8EE0C8}.Release|Any CPU.ActiveCfg = Release|Any CPU
		{1EC4C17B-EAE4-AAD6-858F-B2202E8EE0C8}.Release|Any CPU.Build.0 = Release|Any CPU
		{56C3C532-62C8-6138-CB1F-2BC40644D9B9}.Debug|Any CPU.ActiveCfg = Debug|Any CPU
		{56C3C532-62C8-6138-CB1F-2BC40644D9B9}.Debug|Any CPU.Build.0 = Debug|Any CPU
		{56C3C532-62C8-6138-CB1F-2BC40644D9B9}.Release|Any CPU.ActiveCfg = Release|Any CPU
		{56C3C532-62C8-6138-CB1F-2BC40644D9B9}.Release|Any CPU.Build.0 = Release|Any CPU
		{A242AEF3-65CC-A41C-8122-CE7FD283C04E}.Debug|Any CPU.ActiveCfg = Debug|Any CPU
		{A242AEF3-65CC-A41C-8122-CE7FD283C04E}.Debug|Any CPU.Build.0 = Debug|Any CPU
		{A242AEF3-65CC-A41C-8122-CE7FD283C04E}.Release|Any CPU.ActiveCfg = Release|Any CPU
		{A242AEF3-65CC-A41C-8122-CE7FD283C04E}.Release|Any CPU.Build.0 = Release|Any CPU
		{28D0677C-B520-12E9-2755-4EE8F673813F}.Debug|Any CPU.ActiveCfg = Debug|Any CPU
		{28D0677C-B520-12E9-2755-4EE8F673813F}.Debug|Any CPU.Build.0 = Debug|Any CPU
		{28D0677C-B520-12E9-2755-4EE8F673813F}.Release|Any CPU.ActiveCfg = Release|Any CPU
		{28D0677C-B520-12E9-2755-4EE8F673813F}.Release|Any CPU.Build.0 = Release|Any CPU
		{F8946296-48EE-0FD0-71FF-5E06E6D6D157}.Debug|Any CPU.ActiveCfg = Debug|Any CPU
		{F8946296-48EE-0FD0-71FF-5E06E6D6D157}.Debug|Any CPU.Build.0 = Debug|Any CPU
		{F8946296-48EE-0FD0-71FF-5E06E6D6D157}.Release|Any CPU.ActiveCfg = Release|Any CPU
		{F8946296-48EE-0FD0-71FF-5E06E6D6D157}.Release|Any CPU.Build.0 = Release|Any CPU
		{D3BA98BD-4D03-1329-DE2B-87C0BA949A2A}.Debug|Any CPU.ActiveCfg = Debug|Any CPU
		{D3BA98BD-4D03-1329-DE2B-87C0BA949A2A}.Debug|Any CPU.Build.0 = Debug|Any CPU
		{D3BA98BD-4D03-1329-DE2B-87C0BA949A2A}.Release|Any CPU.ActiveCfg = Release|Any CPU
		{D3BA98BD-4D03-1329-DE2B-87C0BA949A2A}.Release|Any CPU.Build.0 = Release|Any CPU
		{1F4A1096-87C2-D75A-936F-162B0CCDB22B}.Debug|Any CPU.ActiveCfg = Debug|Any CPU
		{1F4A1096-87C2-D75A-936F-162B0CCDB22B}.Debug|Any CPU.Build.0 = Debug|Any CPU
		{1F4A1096-87C2-D75A-936F-162B0CCDB22B}.Release|Any CPU.ActiveCfg = Release|Any CPU
		{1F4A1096-87C2-D75A-936F-162B0CCDB22B}.Release|Any CPU.Build.0 = Release|Any CPU
		{757BADB7-230C-9627-C178-98FDC4CA1E1D}.Debug|Any CPU.ActiveCfg = Debug|Any CPU
		{757BADB7-230C-9627-C178-98FDC4CA1E1D}.Debug|Any CPU.Build.0 = Debug|Any CPU
		{757BADB7-230C-9627-C178-98FDC4CA1E1D}.Release|Any CPU.ActiveCfg = Release|Any CPU
		{757BADB7-230C-9627-C178-98FDC4CA1E1D}.Release|Any CPU.Build.0 = Release|Any CPU
		{D6DD0733-FFA4-DEA7-C407-D20EDD036160}.Debug|Any CPU.ActiveCfg = Debug|Any CPU
		{D6DD0733-FFA4-DEA7-C407-D20EDD036160}.Debug|Any CPU.Build.0 = Debug|Any CPU
		{D6DD0733-FFA4-DEA7-C407-D20EDD036160}.Release|Any CPU.ActiveCfg = Release|Any CPU
		{D6DD0733-FFA4-DEA7-C407-D20EDD036160}.Release|Any CPU.Build.0 = Release|Any CPU
		{77024271-6E4D-E57F-EC1D-E2BFAC4F8101}.Debug|Any CPU.ActiveCfg = Debug|Any CPU
		{77024271-6E4D-E57F-EC1D-E2BFAC4F8101}.Debug|Any CPU.Build.0 = Debug|Any CPU
		{77024271-6E4D-E57F-EC1D-E2BFAC4F8101}.Release|Any CPU.ActiveCfg = Release|Any CPU
		{77024271-6E4D-E57F-EC1D-E2BFAC4F8101}.Release|Any CPU.Build.0 = Release|Any CPU
		{9AEA17A0-6934-1A5A-5B02-5EA7B5A43B22}.Debug|Any CPU.ActiveCfg = Debug|Any CPU
		{9AEA17A0-6934-1A5A-5B02-5EA7B5A43B22}.Debug|Any CPU.Build.0 = Debug|Any CPU
		{9AEA17A0-6934-1A5A-5B02-5EA7B5A43B22}.Release|Any CPU.ActiveCfg = Release|Any CPU
		{9AEA17A0-6934-1A5A-5B02-5EA7B5A43B22}.Release|Any CPU.Build.0 = Release|Any CPU
		{46582637-9C43-216A-5640-F2F75B81317B}.Debug|Any CPU.ActiveCfg = Debug|Any CPU
		{46582637-9C43-216A-5640-F2F75B81317B}.Debug|Any CPU.Build.0 = Debug|Any CPU
		{46582637-9C43-216A-5640-F2F75B81317B}.Release|Any CPU.ActiveCfg = Release|Any CPU
		{46582637-9C43-216A-5640-F2F75B81317B}.Release|Any CPU.Build.0 = Release|Any CPU
		{8681BFCF-CE25-2660-F311-10D8F5C57083}.Debug|Any CPU.ActiveCfg = Debug|Any CPU
		{8681BFCF-CE25-2660-F311-10D8F5C57083}.Debug|Any CPU.Build.0 = Debug|Any CPU
		{8681BFCF-CE25-2660-F311-10D8F5C57083}.Release|Any CPU.ActiveCfg = Release|Any CPU
		{8681BFCF-CE25-2660-F311-10D8F5C57083}.Release|Any CPU.Build.0 = Release|Any CPU
		{820CDBD9-8EA0-7FE4-27A4-41C3B4C4D512}.Debug|Any CPU.ActiveCfg = Debug|Any CPU
		{820CDBD9-8EA0-7FE4-27A4-41C3B4C4D512}.Debug|Any CPU.Build.0 = Debug|Any CPU
		{820CDBD9-8EA0-7FE4-27A4-41C3B4C4D512}.Release|Any CPU.ActiveCfg = Release|Any CPU
		{820CDBD9-8EA0-7FE4-27A4-41C3B4C4D512}.Release|Any CPU.Build.0 = Release|Any CPU
		{EF55072E-B3CA-6BCF-179E-635B5DFF9059}.Debug|Any CPU.ActiveCfg = Debug|Any CPU
		{EF55072E-B3CA-6BCF-179E-635B5DFF9059}.Debug|Any CPU.Build.0 = Debug|Any CPU
		{EF55072E-B3CA-6BCF-179E-635B5DFF9059}.Release|Any CPU.ActiveCfg = Release|Any CPU
		{EF55072E-B3CA-6BCF-179E-635B5DFF9059}.Release|Any CPU.Build.0 = Release|Any CPU
		{9329BB0D-E86B-5F14-A9D9-00BA18EBAA2B}.Debug|Any CPU.ActiveCfg = Debug|Any CPU
		{9329BB0D-E86B-5F14-A9D9-00BA18EBAA2B}.Debug|Any CPU.Build.0 = Debug|Any CPU
		{9329BB0D-E86B-5F14-A9D9-00BA18EBAA2B}.Release|Any CPU.ActiveCfg = Release|Any CPU
		{9329BB0D-E86B-5F14-A9D9-00BA18EBAA2B}.Release|Any CPU.Build.0 = Release|Any CPU
		{45E93EAA-432C-7210-DB4E-C2460CA69861}.Debug|Any CPU.ActiveCfg = Debug|Any CPU
		{45E93EAA-432C-7210-DB4E-C2460CA69861}.Debug|Any CPU.Build.0 = Debug|Any CPU
		{45E93EAA-432C-7210-DB4E-C2460CA69861}.Release|Any CPU.ActiveCfg = Release|Any CPU
		{45E93EAA-432C-7210-DB4E-C2460CA69861}.Release|Any CPU.Build.0 = Release|Any CPU
		{9DC9E8C1-D35C-6108-751E-731235B75550}.Debug|Any CPU.ActiveCfg = Debug|Any CPU
		{9DC9E8C1-D35C-6108-751E-731235B75550}.Debug|Any CPU.Build.0 = Debug|Any CPU
		{9DC9E8C1-D35C-6108-751E-731235B75550}.Release|Any CPU.ActiveCfg = Release|Any CPU
		{9DC9E8C1-D35C-6108-751E-731235B75550}.Release|Any CPU.Build.0 = Release|Any CPU
		{AD7509B3-7C0C-5C56-A4F6-E4BCA4AD4CD0}.Debug|Any CPU.ActiveCfg = Debug|Any CPU
		{AD7509B3-7C0C-5C56-A4F6-E4BCA4AD4CD0}.Debug|Any CPU.Build.0 = Debug|Any CPU
		{AD7509B3-7C0C-5C56-A4F6-E4BCA4AD4CD0}.Release|Any CPU.ActiveCfg = Release|Any CPU
		{AD7509B3-7C0C-5C56-A4F6-E4BCA4AD4CD0}.Release|Any CPU.Build.0 = Release|Any CPU
		{335B206F-59B5-E1E9-D8D3-8AD8C1C55301}.Debug|Any CPU.ActiveCfg = Debug|Any CPU
		{335B206F-59B5-E1E9-D8D3-8AD8C1C55301}.Debug|Any CPU.Build.0 = Debug|Any CPU
		{335B206F-59B5-E1E9-D8D3-8AD8C1C55301}.Release|Any CPU.ActiveCfg = Release|Any CPU
		{335B206F-59B5-E1E9-D8D3-8AD8C1C55301}.Release|Any CPU.Build.0 = Release|Any CPU
		{827AA6E9-C6F0-EC20-4DD2-B8AB40E389AA}.Debug|Any CPU.ActiveCfg = Debug|Any CPU
		{827AA6E9-C6F0-EC20-4DD2-B8AB40E389AA}.Debug|Any CPU.Build.0 = Debug|Any CPU
		{827AA6E9-C6F0-EC20-4DD2-B8AB40E389AA}.Release|Any CPU.ActiveCfg = Release|Any CPU
		{827AA6E9-C6F0-EC20-4DD2-B8AB40E389AA}.Release|Any CPU.Build.0 = Release|Any CPU
		{A527FB21-D880-70AD-9FD5-D1D9EE6758FA}.Debug|Any CPU.ActiveCfg = Debug|Any CPU
		{A527FB21-D880-70AD-9FD5-D1D9EE6758FA}.Debug|Any CPU.Build.0 = Debug|Any CPU
		{A527FB21-D880-70AD-9FD5-D1D9EE6758FA}.Release|Any CPU.ActiveCfg = Release|Any CPU
		{A527FB21-D880-70AD-9FD5-D1D9EE6758FA}.Release|Any CPU.Build.0 = Release|Any CPU
		{BFDB78C7-7EBC-7B78-EC39-080CFBAFB130}.Debug|Any CPU.ActiveCfg = Debug|Any CPU
		{BFDB78C7-7EBC-7B78-EC39-080CFBAFB130}.Debug|Any CPU.Build.0 = Debug|Any CPU
		{BFDB78C7-7EBC-7B78-EC39-080CFBAFB130}.Release|Any CPU.ActiveCfg = Release|Any CPU
		{BFDB78C7-7EBC-7B78-EC39-080CFBAFB130}.Release|Any CPU.Build.0 = Release|Any CPU
		{2720CEF0-294D-F246-D7E4-60BA158B7BE7}.Debug|Any CPU.ActiveCfg = Debug|Any CPU
		{2720CEF0-294D-F246-D7E4-60BA158B7BE7}.Debug|Any CPU.Build.0 = Debug|Any CPU
		{2720CEF0-294D-F246-D7E4-60BA158B7BE7}.Release|Any CPU.ActiveCfg = Release|Any CPU
		{2720CEF0-294D-F246-D7E4-60BA158B7BE7}.Release|Any CPU.Build.0 = Release|Any CPU
		{38E7CB6F-EC9F-D56F-F59C-26BF775B2F53}.Debug|Any CPU.ActiveCfg = Debug|Any CPU
		{38E7CB6F-EC9F-D56F-F59C-26BF775B2F53}.Debug|Any CPU.Build.0 = Debug|Any CPU
		{38E7CB6F-EC9F-D56F-F59C-26BF775B2F53}.Release|Any CPU.ActiveCfg = Release|Any CPU
		{38E7CB6F-EC9F-D56F-F59C-26BF775B2F53}.Release|Any CPU.Build.0 = Release|Any CPU
		{8055CE4A-27EB-7CD0-26D0-7BA66BC13CF5}.Debug|Any CPU.ActiveCfg = Debug|Any CPU
		{8055CE4A-27EB-7CD0-26D0-7BA66BC13CF5}.Debug|Any CPU.Build.0 = Debug|Any CPU
		{8055CE4A-27EB-7CD0-26D0-7BA66BC13CF5}.Release|Any CPU.ActiveCfg = Release|Any CPU
		{8055CE4A-27EB-7CD0-26D0-7BA66BC13CF5}.Release|Any CPU.Build.0 = Release|Any CPU
		{BAB72303-818B-1597-77DC-2D0B10265464}.Debug|Any CPU.ActiveCfg = Debug|Any CPU
		{BAB72303-818B-1597-77DC-2D0B10265464}.Debug|Any CPU.Build.0 = Debug|Any CPU
		{BAB72303-818B-1597-77DC-2D0B10265464}.Release|Any CPU.ActiveCfg = Release|Any CPU
		{BAB72303-818B-1597-77DC-2D0B10265464}.Release|Any CPU.Build.0 = Release|Any CPU
		{3B992B29-35CC-C403-3966-9CA61A598903}.Debug|Any CPU.ActiveCfg = Debug|Any CPU
		{3B992B29-35CC-C403-3966-9CA61A598903}.Debug|Any CPU.Build.0 = Debug|Any CPU
		{3B992B29-35CC-C403-3966-9CA61A598903}.Release|Any CPU.ActiveCfg = Release|Any CPU
		{3B992B29-35CC-C403-3966-9CA61A598903}.Release|Any CPU.Build.0 = Release|Any CPU
		{9AAD096B-69FC-DC31-2F12-14E3CD95088F}.Debug|Any CPU.ActiveCfg = Debug|Any CPU
		{9AAD096B-69FC-DC31-2F12-14E3CD95088F}.Debug|Any CPU.Build.0 = Debug|Any CPU
		{9AAD096B-69FC-DC31-2F12-14E3CD95088F}.Release|Any CPU.ActiveCfg = Release|Any CPU
		{9AAD096B-69FC-DC31-2F12-14E3CD95088F}.Release|Any CPU.Build.0 = Release|Any CPU
		{EE057841-F688-8E73-8BD4-F3EFFCD8FA97}.Debug|Any CPU.ActiveCfg = Debug|Any CPU
		{EE057841-F688-8E73-8BD4-F3EFFCD8FA97}.Debug|Any CPU.Build.0 = Debug|Any CPU
		{EE057841-F688-8E73-8BD4-F3EFFCD8FA97}.Release|Any CPU.ActiveCfg = Release|Any CPU
		{EE057841-F688-8E73-8BD4-F3EFFCD8FA97}.Release|Any CPU.Build.0 = Release|Any CPU
		{77ED1CBF-08B0-0927-2E0D-D586213B0ABC}.Debug|Any CPU.ActiveCfg = Debug|Any CPU
		{77ED1CBF-08B0-0927-2E0D-D586213B0ABC}.Debug|Any CPU.Build.0 = Debug|Any CPU
		{77ED1CBF-08B0-0927-2E0D-D586213B0ABC}.Release|Any CPU.ActiveCfg = Release|Any CPU
		{77ED1CBF-08B0-0927-2E0D-D586213B0ABC}.Release|Any CPU.Build.0 = Release|Any CPU
		{238EB564-A7E7-9DCE-FCA0-EBA183B9A439}.Debug|Any CPU.ActiveCfg = Debug|Any CPU
		{238EB564-A7E7-9DCE-FCA0-EBA183B9A439}.Debug|Any CPU.Build.0 = Debug|Any CPU
		{238EB564-A7E7-9DCE-FCA0-EBA183B9A439}.Release|Any CPU.ActiveCfg = Release|Any CPU
		{238EB564-A7E7-9DCE-FCA0-EBA183B9A439}.Release|Any CPU.Build.0 = Release|Any CPU
		{2BE74176-7B84-5E4F-343E-321CAE20F2CB}.Debug|Any CPU.ActiveCfg = Debug|Any CPU
		{2BE74176-7B84-5E4F-343E-321CAE20F2CB}.Debug|Any CPU.Build.0 = Debug|Any CPU
		{2BE74176-7B84-5E4F-343E-321CAE20F2CB}.Release|Any CPU.ActiveCfg = Release|Any CPU
		{2BE74176-7B84-5E4F-343E-321CAE20F2CB}.Release|Any CPU.Build.0 = Release|Any CPU
		{BCD22360-CE29-48F8-6B8C-CAB9DE583353}.Debug|Any CPU.ActiveCfg = Debug|Any CPU
		{BCD22360-CE29-48F8-6B8C-CAB9DE583353}.Debug|Any CPU.Build.0 = Debug|Any CPU
		{BCD22360-CE29-48F8-6B8C-CAB9DE583353}.Release|Any CPU.ActiveCfg = Release|Any CPU
		{BCD22360-CE29-48F8-6B8C-CAB9DE583353}.Release|Any CPU.Build.0 = Release|Any CPU
		{761F3F72-DC85-9EA6-8583-2E2A88F53FD0}.Debug|Any CPU.ActiveCfg = Debug|Any CPU
		{761F3F72-DC85-9EA6-8583-2E2A88F53FD0}.Debug|Any CPU.Build.0 = Debug|Any CPU
		{761F3F72-DC85-9EA6-8583-2E2A88F53FD0}.Release|Any CPU.ActiveCfg = Release|Any CPU
		{761F3F72-DC85-9EA6-8583-2E2A88F53FD0}.Release|Any CPU.Build.0 = Release|Any CPU
		{F5999F1E-E3EB-CF44-2FF3-20450027C452}.Debug|Any CPU.ActiveCfg = Debug|Any CPU
		{F5999F1E-E3EB-CF44-2FF3-20450027C452}.Debug|Any CPU.Build.0 = Debug|Any CPU
		{F5999F1E-E3EB-CF44-2FF3-20450027C452}.Release|Any CPU.ActiveCfg = Release|Any CPU
		{F5999F1E-E3EB-CF44-2FF3-20450027C452}.Release|Any CPU.Build.0 = Release|Any CPU
		{C1A99ACF-C975-2B33-5E59-4751527F5366}.Debug|Any CPU.ActiveCfg = Debug|Any CPU
		{C1A99ACF-C975-2B33-5E59-4751527F5366}.Debug|Any CPU.Build.0 = Debug|Any CPU
		{C1A99ACF-C975-2B33-5E59-4751527F5366}.Release|Any CPU.ActiveCfg = Release|Any CPU
		{C1A99ACF-C975-2B33-5E59-4751527F5366}.Release|Any CPU.Build.0 = Release|Any CPU
		{441C6B43-2173-EA47-DC4B-8BA1BD758082}.Debug|Any CPU.ActiveCfg = Debug|Any CPU
		{441C6B43-2173-EA47-DC4B-8BA1BD758082}.Debug|Any CPU.Build.0 = Debug|Any CPU
		{441C6B43-2173-EA47-DC4B-8BA1BD758082}.Release|Any CPU.ActiveCfg = Release|Any CPU
		{441C6B43-2173-EA47-DC4B-8BA1BD758082}.Release|Any CPU.Build.0 = Release|Any CPU
		{4135E44D-6E53-899A-34E7-D7B26608A62C}.Debug|Any CPU.ActiveCfg = Debug|Any CPU
		{4135E44D-6E53-899A-34E7-D7B26608A62C}.Debug|Any CPU.Build.0 = Debug|Any CPU
		{4135E44D-6E53-899A-34E7-D7B26608A62C}.Release|Any CPU.ActiveCfg = Release|Any CPU
		{4135E44D-6E53-899A-34E7-D7B26608A62C}.Release|Any CPU.Build.0 = Release|Any CPU
		{B1F8AE93-8677-EE89-FBBA-52E8C9DDF099}.Debug|Any CPU.ActiveCfg = Debug|Any CPU
		{B1F8AE93-8677-EE89-FBBA-52E8C9DDF099}.Debug|Any CPU.Build.0 = Debug|Any CPU
		{B1F8AE93-8677-EE89-FBBA-52E8C9DDF099}.Release|Any CPU.ActiveCfg = Release|Any CPU
		{B1F8AE93-8677-EE89-FBBA-52E8C9DDF099}.Release|Any CPU.Build.0 = Release|Any CPU
		{28D44F10-615C-820C-0E28-79438A9DF4ED}.Debug|Any CPU.ActiveCfg = Debug|Any CPU
		{28D44F10-615C-820C-0E28-79438A9DF4ED}.Debug|Any CPU.Build.0 = Debug|Any CPU
		{28D44F10-615C-820C-0E28-79438A9DF4ED}.Release|Any CPU.ActiveCfg = Release|Any CPU
		{28D44F10-615C-820C-0E28-79438A9DF4ED}.Release|Any CPU.Build.0 = Release|Any CPU
		{AE6F3AF3-E411-AA45-C65D-BC183906137C}.Debug|Any CPU.ActiveCfg = Debug|Any CPU
		{AE6F3AF3-E411-AA45-C65D-BC183906137C}.Debug|Any CPU.Build.0 = Debug|Any CPU
		{AE6F3AF3-E411-AA45-C65D-BC183906137C}.Release|Any CPU.ActiveCfg = Release|Any CPU
		{AE6F3AF3-E411-AA45-C65D-BC183906137C}.Release|Any CPU.Build.0 = Release|Any CPU
		{809C623E-C76F-EC66-0DCA-78266673E422}.Debug|Any CPU.ActiveCfg = Debug|Any CPU
		{809C623E-C76F-EC66-0DCA-78266673E422}.Debug|Any CPU.Build.0 = Debug|Any CPU
		{809C623E-C76F-EC66-0DCA-78266673E422}.Release|Any CPU.ActiveCfg = Release|Any CPU
		{809C623E-C76F-EC66-0DCA-78266673E422}.Release|Any CPU.Build.0 = Release|Any CPU
		{71037A16-0DA1-9BB4-557C-A33A8E6987E4}.Debug|Any CPU.ActiveCfg = Debug|Any CPU
		{71037A16-0DA1-9BB4-557C-A33A8E6987E4}.Debug|Any CPU.Build.0 = Debug|Any CPU
		{71037A16-0DA1-9BB4-557C-A33A8E6987E4}.Release|Any CPU.ActiveCfg = Release|Any CPU
		{71037A16-0DA1-9BB4-557C-A33A8E6987E4}.Release|Any CPU.Build.0 = Release|Any CPU
		{ED6CFA32-252C-BE90-07CA-E2DBB991BA23}.Debug|Any CPU.ActiveCfg = Debug|Any CPU
		{ED6CFA32-252C-BE90-07CA-E2DBB991BA23}.Debug|Any CPU.Build.0 = Debug|Any CPU
		{ED6CFA32-252C-BE90-07CA-E2DBB991BA23}.Release|Any CPU.ActiveCfg = Release|Any CPU
		{ED6CFA32-252C-BE90-07CA-E2DBB991BA23}.Release|Any CPU.Build.0 = Release|Any CPU
		{70DBC9C8-5DF6-81A7-DBEB-20B2722EBC67}.Debug|Any CPU.ActiveCfg = Debug|Any CPU
		{70DBC9C8-5DF6-81A7-DBEB-20B2722EBC67}.Debug|Any CPU.Build.0 = Debug|Any CPU
		{70DBC9C8-5DF6-81A7-DBEB-20B2722EBC67}.Release|Any CPU.ActiveCfg = Release|Any CPU
		{70DBC9C8-5DF6-81A7-DBEB-20B2722EBC67}.Release|Any CPU.Build.0 = Release|Any CPU
		{BF493FB9-DF94-E760-6048-04140D777700}.Debug|Any CPU.ActiveCfg = Debug|Any CPU
		{BF493FB9-DF94-E760-6048-04140D777700}.Debug|Any CPU.Build.0 = Debug|Any CPU
		{BF493FB9-DF94-E760-6048-04140D777700}.Release|Any CPU.ActiveCfg = Release|Any CPU
		{BF493FB9-DF94-E760-6048-04140D777700}.Release|Any CPU.Build.0 = Release|Any CPU
	EndGlobalSection
	GlobalSection(SolutionProperties) = preSolution
		HideSolutionNode = FALSE
	EndGlobalSection
EndGlobal
